{
  "requires": true,
  "lockfileVersion": 1,
  "dependencies": {
    "@azure/msal-angular": {
      "version": "0.1.2",
      "resolved": "https://registry.npmjs.org/@azure/msal-angular/-/msal-angular-0.1.2.tgz",
      "integrity": "sha512-J8vfgx0cKQg6g709YVa2aKZYx1yaFrlemVUqhEFRPS6jAk5SiVi5GK0nqbKkL0wdLiNEMOkolOJpBG0yjERG5g==",
      "requires": {
        "msal": "0.2.1",
        "tslib": "1.7.1"
      }
    },
    "msal": {
      "version": "0.2.1",
      "resolved": "https://registry.npmjs.org/msal/-/msal-0.2.1.tgz",
      "integrity": "sha512-oDWPtWTB+tmtVUOawNJS1pGKhtvy2IUrZQFGfpx53bgJvHV+AbF3718AvyRHuJZBt1egS0m4Aqk129nKAe7CUw==",
      "requires": {
        "tslib": "1.7.1"
      }
    },
    "tslib": {
      "version": "1.7.1",
      "resolved": "https://registry.npmjs.org/tslib/-/tslib-1.7.1.tgz",
      "integrity": "sha1-vIAEFkaRkjp5/oN4u+s9ogF1OOw="
    }
  }
}
